
Microsoft Visual Studio Solution File, Format Version 12.00
# Visual Studio Version 17
VisualStudioVersion = 17.14.36310.24
MinimumVisualStudioVersion = 10.0.40219.1
Project("{FAE04EC0-301F-11D3-BF4B-00C04F79EFBC}") = "Restaurant.PL", "Restaurant.PL.csproj", "{51D750FF-5557-4F04-BE32-FE33C151D5BE}"
EndProject
Project("{FAE04EC0-301F-11D3-BF4B-00C04F79EFBC}") = "Resturant.BLL", "..\Sempa.BLL\Resturant.BLL.csproj", "{CEA21D90-BE76-4029-A078-708DE6689E7C}"
EndProject
Project("{FAE04EC0-301F-11D3-BF4B-00C04F79EFBC}") = "Restaurant.DAL", "..\Restaurant.DAL\Restaurant.DAL.csproj", "{176E95A5-CEEC-41A9-B0D8-D98768FA546E}"
EndProject
Global
	GlobalSection(SolutionConfigurationPlatforms) = preSolution
		Debug|Any CPU = Debug|Any CPU
		Release|Any CPU = Release|Any CPU
	EndGlobalSection
	GlobalSection(ProjectConfigurationPlatforms) = postSolution
		{51D750FF-5557-4F04-BE32-FE33C151D5BE}.Debug|Any CPU.ActiveCfg = Debug|Any CPU
		{51D750FF-5557-4F04-BE32-FE33C151D5BE}.Debug|Any CPU.Build.0 = Debug|Any CPU
		{51D750FF-5557-4F04-BE32-FE33C151D5BE}.Release|Any CPU.ActiveCfg = Release|Any CPU
		{51D750FF-5557-4F04-BE32-FE33C151D5BE}.Release|Any CPU.Build.0 = Release|Any CPU
		{CEA21D90-BE76-4029-A078-708DE6689E7C}.Debug|Any CPU.ActiveCfg = Debug|Any CPU
		{CEA21D90-BE76-4029-A078-708DE6689E7C}.Debug|Any CPU.Build.0 = Debug|Any CPU
		{CEA21D90-BE76-4029-A078-708DE6689E7C}.Release|Any CPU.ActiveCfg = Release|Any CPU
		{CEA21D90-BE76-4029-A078-708DE6689E7C}.Release|Any CPU.Build.0 = Release|Any CPU
		{176E95A5-CEEC-41A9-B0D8-D98768FA546E}.Debug|Any CPU.ActiveCfg = Debug|Any CPU
		{176E95A5-CEEC-41A9-B0D8-D98768FA546E}.Debug|Any CPU.Build.0 = Debug|Any CPU
		{176E95A5-CEEC-41A9-B0D8-D98768FA546E}.Release|Any CPU.ActiveCfg = Release|Any CPU
		{176E95A5-CEEC-41A9-B0D8-D98768FA546E}.Release|Any CPU.Build.0 = Release|Any CPU
	EndGlobalSection
	GlobalSection(SolutionProperties) = preSolution
		HideSolutionNode = FALSE
	EndGlobalSection
	GlobalSection(ExtensibilityGlobals) = postSolution
		SolutionGuid = {01E7261C-8F61-4195-95F2-A96055C331EA}
	EndGlobalSection
EndGlobal
